PODS:
  - CryptoSwift (1.0.0)
  - ECDHESSwift (0.0.3):
    - CryptoSwift (~> 1.0.0)
    - JOSESwift (~> 1.8)
  - FBSnapshotTestCase (2.1.4):
    - FBSnapshotTestCase/SwiftSupport (= 2.1.4)
  - FBSnapshotTestCase/Core (2.1.4)
  - FBSnapshotTestCase/SwiftSupport (2.1.4):
    - FBSnapshotTestCase/Core
  - JOSESwift (1.8.0)
  - Nimble (8.0.1)
  - Quick (2.0.0)

DEPENDENCIES:
  - CryptoSwift (~> 1.0.0)
  - ECDHESSwift (from `../`)
  - FBSnapshotTestCase (~> 2.1.4)
  - JOSESwift (~> 1.8)
  - Nimble (~> 8.0.1)
  - Quick (~> 2.0.0)

SPEC REPOS:
  https://github.com/cocoapods/specs.git:
    - CryptoSwift
    - FBSnapshotTestCase
    - JOSESwift
    - Nimble
    - Quick

EXTERNAL SOURCES:
  ECDHESSwift:
    :path: "../"

SPEC CHECKSUMS:
  CryptoSwift: d81eeaa59dc5a8d03720fe919a6fd07b51f7439f
  ECDHESSwift: 19d17f8de8c81b80062baaf93a0e16435b284b2f
  FBSnapshotTestCase: 094f9f314decbabe373b87cc339bea235a63e07a
  JOSESwift: 39419bb87494bd58d4f14e1a3e3d6615945c80dd
  Nimble: 45f786ae66faa9a709624227fae502db55a8bdd0
  Quick: ce1276c7c27ba2da3cb2fd0cde053c3648b3b22d

PODFILE CHECKSUM: 466ce3f4e14586e2adb13c6c0ec00930547249bf

COCOAPODS: 1.6.1
